# generated by rye
# use `rye lock` or `rye sync` to update this lockfile
#
# last locked with the following flags:
#   pre: false
#   features: []
#   all-features: false
#   with-sources: false
#   generate-hashes: false

-e file:.
annotated-types==0.7.0
    # via pydantic
click==8.1.7
    # via datascience-cookiecutter
loguru==0.7.2
    # via datascience-cookiecutter
nodeenv==1.9.1
    # via pyright
pydantic==2.9.2
    # via datascience-cookiecutter
pydantic-core==2.23.4
    # via pydantic
pyright==1.1.386
typing-extensions==4.12.2
    # via pydantic
    # via pydantic-core
    # via pyright
